
Microsoft Visual Studio Solution File, Format Version 12.00
# Visual Studio Version 17
VisualStudioVersion = 17.11.35303.130
MinimumVisualStudioVersion = 10.0.40219.1
Project("{FAE04EC0-301F-11D3-BF4B-00C04F79EFBC}") = "GoogleApis", "GoogleApis.csproj", "{9282A7EE-C694-460C-9BD8-2C1311F80B5E}"
EndProject
Project("{54435603-DBB4-11D2-8724-00A0C9A8B90C}") = "GoogleApisForVBA", "Installer\GoogleApisForVBA\GoogleApisForVBA.vdproj", "{62471B5F-5127-01E9-F05B-EBC387D69C68}"
EndProject
Global
	GlobalSection(SolutionConfigurationPlatforms) = preSolution
		Debug|Any CPU = Debug|Any CPU
		Release|Any CPU = Release|Any CPU
	EndGlobalSection
	GlobalSection(ProjectConfigurationPlatforms) = postSolution
		{9282A7EE-C694-460C-9BD8-2C1311F80B5E}.Debug|Any CPU.ActiveCfg = Debug|Any CPU
		{9282A7EE-C694-460C-9BD8-2C1311F80B5E}.Debug|Any CPU.Build.0 = Debug|Any CPU
		{9282A7EE-C694-460C-9BD8-2C1311F80B5E}.Release|Any CPU.ActiveCfg = Release|Any CPU
		{9282A7EE-C694-460C-9BD8-2C1311F80B5E}.Release|Any CPU.Build.0 = Release|Any CPU
		{62471B5F-5127-01E9-F05B-EBC387D69C68}.Debug|Any CPU.ActiveCfg = Debug
		{62471B5F-5127-01E9-F05B-EBC387D69C68}.Release|Any CPU.ActiveCfg = Release
	EndGlobalSection
	GlobalSection(SolutionProperties) = preSolution
		HideSolutionNode = FALSE
	EndGlobalSection
	GlobalSection(ExtensibilityGlobals) = postSolution
		SolutionGuid = {3DF18A86-BE7D-473B-B12D-0642915729E6}
	EndGlobalSection
EndGlobal
